<Solution>
  <Folder Name="/src/">
    <Project Path="src/ErrorApi.Abstractions/ErrorApi.Abstractions.csproj" />
    <Project Path="src/ErrorApi.AspNetCore/ErrorApi.AspNetCore.csproj" />
    <Project Path="src/ErrorApi.Generator/ErrorApi.Generator.csproj" />
  </Folder>
  <Folder Name="/src/adapters/">
    <Project Path="src/ErrorApi.ErrorOr/ErrorApi.ErrorOr.csproj" />
    <Project Path="src/ErrorApi.OneOf/ErrorApi.OneOf.csproj" />
    <Project Path="src/ErrorApi.LanguageExt/ErrorApi.LanguageExt.csproj" />
  </Folder>
  <Folder Name="/tests/">
    <Project Path="tests/ErrorApi.TestKit/ErrorApi.TestKit.csproj" />
    <Project Path="tests/ErrorApi.Generator.Tests/ErrorApi.Generator.Tests.csproj" />
    <Project Path="tests/ErrorApi.ErrorOr.Tests/ErrorApi.ErrorOr.Tests.csproj" />
    <Project Path="tests/ErrorApi.OneOf.Tests/ErrorApi.OneOf.Tests.csproj" />
    <Project Path="tests/ErrorApi.LanguageExt.Tests/ErrorApi.LanguageExt.Tests.csproj" />
  </Folder>
  <Folder Name="/samples/">
    <Project Path="samples/Sample.Api/Sample.Api.csproj" />
    <Project Path="samples/Sample.ErrorOr.Api/Sample.ErrorOr.Api.csproj" />
    <Project Path="samples/Sample.OneOf.Api/Sample.OneOf.Api.csproj" />
    <Project Path="samples/Sample.LanguageExt.Api/Sample.LanguageExt.Api.csproj" />
    <Project Path="samples/Sample.Exceptions.Api/Sample.Exceptions.Api.csproj" />
    <Project Path="samples/Sample.Mediator.Api/Sample.Mediator.Api.csproj" />
  </Folder>
</Solution>
